
Microsoft Visual Studio Solution File, Format Version 12.00
# Visual Studio Version 17
VisualStudioVersion = 17.13.35913.81 d17.13
MinimumVisualStudioVersion = 10.0.40219.1
Project("{FAE04EC0-301F-11D3-BF4B-00C04F79EFBC}") = "Yemek_Tarifleri_Sitem", "Yemek_Tarifleri_Sitem\Yemek_Tarifleri_Sitem.csproj", "{AD125102-86E3-4A61-8028-6CCAB9C5CBC3}"
EndProject
Global
	GlobalSection(SolutionConfigurationPlatforms) = preSolution
		Debug|Any CPU = Debug|Any CPU
		Release|Any CPU = Release|Any CPU
	EndGlobalSection
	GlobalSection(ProjectConfigurationPlatforms) = postSolution
		{AD125102-86E3-4A61-8028-6CCAB9C5CBC3}.Debug|Any CPU.ActiveCfg = Debug|Any CPU
		{AD125102-86E3-4A61-8028-6CCAB9C5CBC3}.Debug|Any CPU.Build.0 = Debug|Any CPU
		{AD125102-86E3-4A61-8028-6CCAB9C5CBC3}.Release|Any CPU.ActiveCfg = Release|Any CPU
		{AD125102-86E3-4A61-8028-6CCAB9C5CBC3}.Release|Any CPU.Build.0 = Release|Any CPU
	EndGlobalSection
	GlobalSection(SolutionProperties) = preSolution
		HideSolutionNode = FALSE
	EndGlobalSection
	GlobalSection(ExtensibilityGlobals) = postSolution
		SolutionGuid = {02E1069C-0940-4378-A812-6C6544913DBF}
	EndGlobalSection
EndGlobal
